
Microsoft Visual Studio Solution File, Format Version 12.00
# Visual Studio Version 17
VisualStudioVersion = 17.14.36804.6 d17.14
MinimumVisualStudioVersion = 10.0.40219.1
Project("{FAE04EC0-301F-11D3-BF4B-00C04F79EFBC}") = "Lab8_OOP", "Lab8_OOP\Lab8_OOP.csproj", "{8B6E1216-C28C-4541-B632-CFAFC0B31F16}"
EndProject
Global
	GlobalSection(SolutionConfigurationPlatforms) = preSolution
		Debug|Any CPU = Debug|Any CPU
		Release|Any CPU = Release|Any CPU
	EndGlobalSection
	GlobalSection(ProjectConfigurationPlatforms) = postSolution
		{8B6E1216-C28C-4541-B632-CFAFC0B31F16}.Debug|Any CPU.ActiveCfg = Debug|Any CPU
		{8B6E1216-C28C-4541-B632-CFAFC0B31F16}.Debug|Any CPU.Build.0 = Debug|Any CPU
		{8B6E1216-C28C-4541-B632-CFAFC0B31F16}.Release|Any CPU.ActiveCfg = Release|Any CPU
		{8B6E1216-C28C-4541-B632-CFAFC0B31F16}.Release|Any CPU.Build.0 = Release|Any CPU
	EndGlobalSection
	GlobalSection(SolutionProperties) = preSolution
		HideSolutionNode = FALSE
	EndGlobalSection
	GlobalSection(ExtensibilityGlobals) = postSolution
		SolutionGuid = {9DB6E767-AA99-4C77-AAE1-C5A8502FD35D}
	EndGlobalSection
EndGlobal
